{
  "name": "redis",
  "version": "1.0.0",
  "lockfileVersion": 3,
  "requires": true,
  "packages": {
    "": {
      "name": "redis",
      "version": "1.0.0",
      "license": "ISC",
      "dependencies": {
        "redis": "^5.8.0"
      }
    },
    "node_modules/@redis/bloom": {
      "version": "5.8.0",
      "resolved": "https://registry.npmjs.org/@redis/bloom/-/bloom-5.8.0.tgz",
      "integrity": "sha512-kpKZzAAjGiGYn88Bqq6+ozxPg6kGYWRZH9vnOwGcoSCbrW14SZpZVMYMFSio8FH9ZJUdUcmT/RLGlA1W1t0UWQ==",
      "license": "MIT",
      "engines": {
        "node": ">= 18"
      },
      "peerDependencies": {
        "@redis/client": "^5.8.0"
      }
    },
    "node_modules/@redis/client": {
      "version": "5.8.0",
      "resolved": "https://registry.npmjs.org/@redis/client/-/client-5.8.0.tgz",
      "integrity": "sha512-ywZjKGoSSAECGYOd9bJpws6d4867SN686obUWT/sRmo1c/Q8V+jWyInvlqwKa0BOvTHHwYeB2WFUEvd6PADeOQ==",
      "license": "MIT",
      "dependencies": {
        "cluster-key-slot": "1.1.2"
      },
      "engines": {
        "node": ">= 18"
      }
    },
    "node_modules/@redis/json": {
      "version": "5.8.0",
      "resolved": "https://registry.npmjs.org/@redis/json/-/json-5.8.0.tgz",
      "integrity": "sha512-xPBpwY6aKoRzMSu67MpwrBiSliON9bfHo9Y/pSPBjW8/KoOm1MzGqwJUO20qdjXpFoKJsDWwxIE1LHdBNzcImw==",
      "license": "MIT",
      "engines": {
        "node": ">= 18"
      },
      "peerDependencies": {
        "@redis/client": "^5.8.0"
      }
    },
    "node_modules/@redis/search": {
      "version": "5.8.0",
      "resolved": "https://registry.npmjs.org/@redis/search/-/search-5.8.0.tgz",
      "integrity": "sha512-lF9pNv9vySmirm1EzCH6YeRjhvH6lLT7tvebYHEM7WTkEQ/7kZWb4athliKESHpxzTQ36U9UbzuedSywHV6OhQ==",
      "license": "MIT",
      "engines": {
        "node": ">= 18"
      },
      "peerDependencies": {
        "@redis/client": "^5.8.0"
      }
    },
    "node_modules/@redis/time-series": {
      "version": "5.8.0",
      "resolved": "https://registry.npmjs.org/@redis/time-series/-/time-series-5.8.0.tgz",
      "integrity": "sha512-kPTlW2ACXokjQNXjCD8Pw9mHDoB94AHUlHFahyjxz9lUJUVwiva2Dgfrd2k3JxHhSBqyY2PREIj9YwIUSTSSqQ==",
      "license": "MIT",
      "engines": {
        "node": ">= 18"
      },
      "peerDependencies": {
        "@redis/client": "^5.8.0"
      }
    },
    "node_modules/cluster-key-slot": {
      "version": "1.1.2",
      "resolved": "https://registry.npmjs.org/cluster-key-slot/-/cluster-key-slot-1.1.2.tgz",
      "integrity": "sha512-RMr0FhtfXemyinomL4hrWcYJxmX6deFdCxpJzhDttxgO1+bcCnkk+9drydLVDmAMG7NE6aN/fl4F7ucU/90gAA==",
      "license": "Apache-2.0",
      "engines": {
        "node": ">=0.10.0"
      }
    },
    "node_modules/redis": {
      "version": "5.8.0",
      "resolved": "https://registry.npmjs.org/redis/-/redis-5.8.0.tgz",
      "integrity": "sha512-re0MHm1KHbiVIUPDGoUM3jldvjH5EM/wGZ3A33gyUYoC/UnVNKNnZHM5hcJVry7L2O2eJU3nflSXTliv10BTKg==",
      "license": "MIT",
      "dependencies": {
        "@redis/bloom": "5.8.0",
        "@redis/client": "5.8.0",
        "@redis/json": "5.8.0",
        "@redis/search": "5.8.0",
        "@redis/time-series": "5.8.0"
      },
      "engines": {
        "node": ">= 18"
      }
    }
  }
}
